
Microsoft Visual Studio Solution File, Format Version 12.00
# Visual Studio 15
Project("{FAE04EC0-301F-11D3-BF4B-00C04F79EFBC}") = "TimeService", "TimeService.csproj", "{7FFB798D-71B2-4A0D-8680-D74F4B02FA75}"
EndProject
Global
	GlobalSection(SolutionConfigurationPlatforms) = preSolution
		Debug|Any CPU = Debug|Any CPU
		Release|Any CPU = Release|Any CPU
	EndGlobalSection
	GlobalSection(ProjectConfigurationPlatforms) = postSolution
		{7FFB798D-71B2-4A0D-8680-D74F4B02FA75}.Debug|Any CPU.ActiveCfg = Debug|Any CPU
		{7FFB798D-71B2-4A0D-8680-D74F4B02FA75}.Debug|Any CPU.Build.0 = Debug|Any CPU
		{7FFB798D-71B2-4A0D-8680-D74F4B02FA75}.Release|Any CPU.ActiveCfg = Release|Any CPU
		{7FFB798D-71B2-4A0D-8680-D74F4B02FA75}.Release|Any CPU.Build.0 = Release|Any CPU
	EndGlobalSection
EndGlobal
